{
  "name": "11561c50d1c9e557",
  "lockfileVersion": 3,
  "requires": true,
  "packages": {
    "": {
      "dependencies": {
        "codex-pets": "^0.3.0"
      }
    },
    "node_modules/codex-pets": {
      "version": "0.3.0",
      "resolved": "https://registry.npmjs.org/codex-pets/-/codex-pets-0.3.0.tgz",
      "integrity": "sha512-b7PjV0phEK7jn0rnyXzh3LMIsAdqSUf75mCdSxZEyIuFScCxwOeUZoDxnWj97rfg4ihk6XLaKvg6fgWD+CWcAQ==",
      "license": "MIT",
      "bin": {
        "codex-pets": "bin/codex-pets.js"
      },
      "engines": {
        "node": ">=18"
      }
    }
  }
}
